// !$*UTF8*$!
{
	archiveVersion = 1;
	classes = {
	};
	objectVersion = 48;
	objects = {

/* Begin PBXBuildFile section */
		5FDB9CB822EC5B6400F9BA6C /* AppDelegate.swift in Sources */ = {isa = PBXBuildFile; fileRef = 5FDB9CB722EC5B6400F9BA6C /* AppDelegate.swift */; };
		5FDB9CBA22EC5B6400F9BA6C /* ViewController.swift in Sources */ = {isa = PBXBuildFile; fileRef = 5FDB9CB922EC5B6400F9BA6C /* ViewController.swift */; };
		5FDB9CBD22EC5B6400F9BA6C /* Main.storyboard in Resources */ = {isa = PBXBuildFile; fileRef = 5FDB9CBB22EC5B6400F9BA6C /* Main.storyboard */; };
		5FDB9CBF22EC5B6400F9BA6C /* Assets.xcassets in Resources */ = {isa = PBXBuildFile; fileRef = 5FDB9CBE22EC5B6400F9BA6C /* Assets.xcassets */; };
		5FDB9CC222EC5B6400F9BA6C /* LaunchScreen.storyboard in Resources */ = {isa = PBXBuildFile; fileRef = 5FDB9CC022EC5B6400F9BA6C /* LaunchScreen.storyboard */; };
		5FDB9CCA22EC5C5100F9BA6C /* words.plist in Resources */ = {isa = PBXBuildFile; fileRef = 5FDB9CC922EC5C5100F9BA6C /* words.plist */; };
/* End PBXBuildFile section */

/* Begin PBXFileReference section */
		5FDB9CB422EC5B6400F9BA6C /* Assignment_4.app */ = {isa = PBXFileReference; explicitFileType = wrapper.application; includeInIndex = 0; path = Assignment_4.app; sourceTree = BUILT_PRODUCTS_DIR; };
		5FDB9CB722EC5B6400F9BA6C /* AppDelegate.swift */ = {isa = PBXFileReference; lastKnownFileType = sourcecode.swift; path = AppDelegate.swift; sourceTree = "<group>"; };
		5FDB9CB922EC5B6400F9BA6C /* ViewController.swift */ = {isa = PBXFileReference; lastKnownFileType = sourcecode.swift; path = ViewController.swift; sourceTree = "<group>"; };
		5FDB9CBC22EC5B6400F9BA6C /* Base */ = {isa = PBXFileReference; lastKnownFileType = file.storyboard; name = Base; path = Base.lproj/Main.storyboard; sourceTree = "<group>"; };
		5FDB9CBE22EC5B6400F9BA6C /* Assets.xcassets */ = {isa = PBXFileReference; lastKnownFileType = folder.assetcatalog; path = Assets.xcassets; sourceTree = "<group>"; };
		5FDB9CC122EC5B6400F9BA6C /* Base */ = {isa = PBXFileReference; lastKnownFileType = file.storyboard; name = Base; path = Base.lproj/LaunchScreen.storyboard; sourceTree = "<group>"; };
		5FDB9CC322EC5B6400F9BA6C /* Info.plist */ = {isa = PBXFileReference; lastKnownFileType = text.plist.xml; path = Info.plist; sourceTree = "<group>"; };
		5FDB9CC922EC5C5100F9BA6C /* words.plist */ = {isa = PBXFileReference; lastKnownFileType = text.plist.xml; path = words.plist; sourceTree = "<group>"; };
/* End PBXFileReference section */

/* Begin PBXFrameworksBuildPhase section */
		5FDB9CB122EC5B6400F9BA6C /* Frameworks */ = {
			isa = PBXFrameworksBuildPhase;
			buildActionMask = 2147483647;
			files = (
			);
			runOnlyForDeploymentPostprocessing = 0;
		};
/* End PBXFrameworksBuildPhase section */

/* Begin PBXGroup section */
		5FDB9CAB22EC5B6300F9BA6C = {
			isa = PBXGroup;
			children = (
				5FDB9CB622EC5B6400F9BA6C /* Assignment_4 */,
				5FDB9CB522EC5B6400F9BA6C /* Products */,
			);
			sourceTree = "<group>";
		};
		5FDB9CB522EC5B6400F9BA6C /* Products */ = {
			isa = PBXGroup;
			children = (
				5FDB9CB422EC5B6400F9BA6C /* Assignment_4.app */,
			);
			name = Products;
			sourceTree = "<group>";
		};
		5FDB9CB622EC5B6400F9BA6C /* Assignment_4 */ = {
			isa = PBXGroup;
			children = (
				5FDB9CB722EC5B6400F9BA6C /* AppDelegate.swift */,
				5FDB9CB922EC5B6400F9BA6C /* ViewController.swift */,
				5FDB9CBB22EC5B6400F9BA6C /* Main.storyboard */,
				5FDB9CBE22EC5B6400F9BA6C /* Assets.xcassets */,
				5FDB9CC022EC5B6400F9BA6C /* LaunchScreen.storyboard */,
				5FDB9CC322EC5B6400F9BA6C /* Info.plist */,
				5FDB9CC922EC5C5100F9BA6C /* words.plist */,
			);
			path = Assignment_4;
			sourceTree = "<group>";
		};
/* End PBXGroup section */

/* Begin PBXNativeTarget section */
		5FDB9CB322EC5B6400F9BA6C /* Assignment_4 */ = {
			isa = PBXNativeTarget;
			buildConfigurationList = 5FDB9CC622EC5B6400F9BA6C /* Build configuration list for PBXNativeTarget "Assignment_4" */;
			buildPhases = (
				5FDB9CB022EC5B6400F9BA6C /* Sources */,
				5FDB9CB122EC5B6400F9BA6C /* Frameworks */,
				5FDB9CB222EC5B6400F9BA6C /* Resources */,
			);
			buildRules = (
			);
			dependencies = (
			);
			name = Assignment_4;
			productName = Assignment_4;
			productReference = 5FDB9CB422EC5B6400F9BA6C /* Assignment_4.app */;
			productType = "com.apple.product-type.application";
		};
/* End PBXNativeTarget section */

/* Begin PBXProject section */
		5FDB9CAC22EC5B6300F9BA6C /* Project object */ = {
			isa = PBXProject;
			attributes = {
				LastSwiftUpdateCheck = 0920;
				LastUpgradeCheck = 0920;
				ORGANIZATIONNAME = "See Lem";
				TargetAttributes = {
					5FDB9CB322EC5B6400F9BA6C = {
						CreatedOnToolsVersion = 9.2;
						ProvisioningStyle = Automatic;
					};
				};
			};
			buildConfigurationList = 5FDB9CAF22EC5B6300F9BA6C /* Build configuration list for PBXProject "Assignment_4" */;
			compatibilityVersion = "Xcode 8.0";
			developmentRegion = en;
			hasScannedForEncodings = 0;
			knownRegions = (
				en,
				Base,
			);
			mainGroup = 5FDB9CAB22EC5B6300F9BA6C;
			productRefGroup = 5FDB9CB522EC5B6400F9BA6C /* Products */;
			projectDirPath = "";
			projectRoot = "";
			targets = (
				5FDB9CB322EC5B6400F9BA6C /* Assignment_4 */,
			);
		};
/* End PBXProject section */

/* Begin PBXResourcesBuildPhase section */
		5FDB9CB222EC5B6400F9BA6C /* Resources */ = {
			isa = PBXResourcesBuildPhase;
			buildActionMask = 2147483647;
			files = (
				5FDB9CCA22EC5C5100F9BA6C /* words.plist in Resources */,
				5FDB9CC222EC5B6400F9BA6C /* LaunchScreen.storyboard in Resources */,
				5FDB9CBF22EC5B6400F9BA6C /* Assets.xcassets in Resources */,
				5FDB9CBD22EC5B6400F9BA6C /* Main.storyboard in Resources */,
			);
			runOnlyForDeploymentPostprocessing = 0;
		};
/* End PBXResourcesBuildPhase section */

/* Begin PBXSourcesBuildPhase section */
		5FDB9CB022EC5B6400F9BA6C /* Sources */ = {
			isa = PBXSourcesBuildPhase;
			buildActionMask = 2147483647;
			files = (
				5FDB9CBA22EC5B6400F9BA6C /* ViewController.swift in Sources */,
				5FDB9CB822EC5B6400F9BA6C /* AppDelegate.swift in Sources */,
			);
			runOnlyForDeploymentPostprocessing = 0;
		};
/* End PBXSourcesBuildPhase section */

/* Begin PBXVariantGroup section */
		5FDB9CBB22EC5B6400F9BA6C /* Main.storyboard */ = {
			isa = PBXVariantGroup;
			children = (
				5FDB9CBC22EC5B6400F9BA6C /* Base */,
			);
			name = Main.storyboard;
			sourceTree = "<group>";
		};
		5FDB9CC022EC5B6400F9BA6C /* LaunchScreen.storyboard */ = {
			isa = PBXVariantGroup;
			children = (
				5FDB9CC122EC5B6400F9BA6C /* Base */,
			);
			name = LaunchScreen.storyboard;
			sourceTree = "<group>";
		};
/* End PBXVariantGroup section */

/* Begin XCBuildConfiguration section */
		5FDB9CC422EC5B6400F9BA6C /* Debug */ = {
			isa = XCBuildConfiguration;
			buildSettings = {
				ALWAYS_SEARCH_USER_PATHS = NO;
				CLANG_ANALYZER_NONNULL = YES;
				CLANG_ANALYZER_NUMBER_OBJECT_CONVERSION = YES_AGGRESSIVE;
				CLANG_CXX_LANGUAGE_STANDARD = "gnu++14";
				CLANG_CXX_LIBRARY = "libc++";
				CLANG_ENABLE_MODULES = YES;
				CLANG_ENABLE_OBJC_ARC = YES;
				CLANG_WARN_BLOCK_CAPTURE_AUTORELEASING = YES;
				CLANG_WARN_BOOL_CONVERSION = YES;
				CLANG_WARN_COMMA = YES;
				CLANG_WARN_CONSTANT_CONVERSION = YES;
				CLANG_WARN_DIRECT_OBJC_ISA_USAGE = YES_ERROR;
				CLANG_WARN_DOCUMENTATION_COMMENTS = YES;
				CLANG_WARN_EMPTY_BODY = YES;
				CLANG_WARN_ENUM_CONVERSION = YES;
				CLANG_WARN_INFINITE_RECURSION = YES;
				CLANG_WARN_INT_CONVERSION = YES;
				CLANG_WARN_NON_LITERAL_NULL_CONVERSION = YES;
				CLANG_WARN_OBJC_LITERAL_CONVERSION = YES;
				CLANG_WARN_OBJC_ROOT_CLASS = YES_ERROR;
				CLANG_WARN_RANGE_LOOP_ANALYSIS = YES;
				CLANG_WARN_STRICT_PROTOTYPES = YES;
				CLANG_WARN_SUSPICIOUS_MOVE = YES;
				CLANG_WARN_UNGUARDED_AVAILABILITY = YES_AGGRESSIVE;
				CLANG_WARN_UNREACHABLE_CODE = YES;
				CLANG_WARN__DUPLICATE_METHOD_MATCH = YES;
				CODE_SIGN_IDENTITY = "iPhone Developer";
				COPY_PHASE_STRIP = NO;
				DEBUG_INFORMATION_FORMAT = dwarf;
				ENABLE_STRICT_OBJC_MSGSEND = YES;
				ENABLE_TESTABILITY = YES;
				GCC_C_LANGUAGE_STANDARD = gnu11;
				GCC_DYNAMIC_NO_PIC = NO;
				GCC_NO_COMMON_BLOCKS = YES;
				GCC_OPTIMIZATION_LEVEL = 0;
				GCC_PREPROCESSOR_DEFINITIONS = (
					"DEBUG=1",
					"$(inherited)",
				);
				GCC_WARN_64_TO_32_BIT_CONVERSION = YES;
				GCC_WARN_ABOUT_RETURN_TYPE = YES_ERROR;
				GCC_WARN_UNDECLARED_SELECTOR = YES;
				GCC_WARN_UNINITIALIZED_AUTOS = YES_AGGRESSIVE;
				GCC_WARN_UNUSED_FUNCTION = YES;
				GCC_WARN_UNUSED_VARIABLE = YES;
				IPHONEOS_DEPLOYMENT_TARGET = 11.2;
				MTL_ENABLE_DEBUG_INFO = YES;
				ONLY_ACTIVE_ARCH = YES;
				SDKROOT = iphoneos;
				SWIFT_ACTIVE_COMPILATION_CONDITIONS = DEBUG;
				SWIFT_OPTIMIZATION_LEVEL = "-Onone";
			};
			name = Debug;
		};
		5FDB9CC522EC5B6400F9BA6C /* Release */ = {
			isa = XCBuildConfiguration;
			buildSettings = {
				ALWAYS_SEARCH_USER_PATHS = NO;
				CLANG_ANALYZER_NONNULL = YES;
				CLANG_ANALYZER_NUMBER_OBJECT_CONVERSION = YES_AGGRESSIVE;
				CLANG_CXX_LANGUAGE_STANDARD = "gnu++14";
				CLANG_CXX_LIBRARY = "libc++";
				CLANG_ENABLE_MODULES = YES;
				CLANG_ENABLE_OBJC_ARC = YES;
				CLANG_WARN_BLOCK_CAPTURE_AUTORELEASING = YES;
				CLANG_WARN_BOOL_CONVERSION = YES;
				CLANG_WARN_COMMA = YES;
				CLANG_WARN_CONSTANT_CONVERSION = YES;
				CLANG_WARN_DIRECT_OBJC_ISA_USAGE = YES_ERROR;
				CLANG_WARN_DOCUMENTATION_COMMENTS = YES;
				CLANG_WARN_EMPTY_BODY = YES;
				CLANG_WARN_ENUM_CONVERSION = YES;
				CLANG_WARN_INFINITE_RECURSION = YES;
				CLANG_WARN_INT_CONVERSION = YES;
				CLANG_WARN_NON_LITERAL_NULL_CONVERSION = YES;
				CLANG_WARN_OBJC_LITERAL_CONVERSION = YES;
				CLANG_WARN_OBJC_ROOT_CLASS = YES_ERROR;
				CLANG_WARN_RANGE_LOOP_ANALYSIS = YES;
				CLANG_WARN_STRICT_PROTOTYPES = YES;
				CLANG_WARN_SUSPICIOUS_MOVE = YES;
				CLANG_WARN_UNGUARDED_AVAILABILITY = YES_AGGRESSIVE;
				CLANG_WARN_UNREACHABLE_CODE = YES;
				CLANG_WARN__DUPLICATE_METHOD_MATCH = YES;
				CODE_SIGN_IDENTITY = "iPhone Developer";
				COPY_PHASE_STRIP = NO;
				DEBUG_INFORMATION_FORMAT = "dwarf-with-dsym";
				ENABLE_NS_ASSERTIONS = NO;
				ENABLE_STRICT_OBJC_MSGSEND = YES;
				GCC_C_LANGUAGE_STANDARD = gnu11;
				GCC_NO_COMMON_BLOCKS = YES;
				GCC_WARN_64_TO_32_BIT_CONVERSION = YES;
				GCC_WARN_ABOUT_RETURN_TYPE = YES_ERROR;
				GCC_WARN_UNDECLARED_SELECTOR = YES;
				GCC_WARN_UNINITIALIZED_AUTOS = YES_AGGRESSIVE;
				GCC_WARN_UNUSED_FUNCTION = YES;
				GCC_WARN_UNUSED_VARIABLE = YES;
				IPHONEOS_DEPLOYMENT_TARGET = 11.2;
				MTL_ENABLE_DEBUG_INFO = NO;
				SDKROOT = iphoneos;
				SWIFT_OPTIMIZATION_LEVEL = "-Owholemodule";
				VALIDATE_PRODUCT = YES;
			};
			name = Release;
		};
		5FDB9CC722EC5B6400F9BA6C /* Debug */ = {
			isa = XCBuildConfiguration;
			buildSettings = {
				ASSETCATALOG_COMPILER_APPICON_NAME = AppIcon;
				CODE_SIGN_STYLE = Automatic;
				INFOPLIST_FILE = Assignment_4/Info.plist;
				LD_RUNPATH_SEARCH_PATHS = "$(inherited) @executable_path/Frameworks";
				PRODUCT_BUNDLE_IDENTIFIER = "UTAR.Assignment-4";
				PRODUCT_NAME = "$(TARGET_NAME)";
				SWIFT_VERSION = 4.0;
				TARGETED_DEVICE_FAMILY = "1,2";
			};
			name = Debug;
		};
		5FDB9CC822EC5B6400F9BA6C /* Release */ = {
			isa = XCBuildConfiguration;
			buildSettings = {
				ASSETCATALOG_COMPILER_APPICON_NAME = AppIcon;
				CODE_SIGN_STYLE = Automatic;
				INFOPLIST_FILE = Assignment_4/Info.plist;
				LD_RUNPATH_SEARCH_PATHS = "$(inherited) @executable_path/Frameworks";
				PRODUCT_BUNDLE_IDENTIFIER = "UTAR.Assignment-4";
				PRODUCT_NAME = "$(TARGET_NAME)";
				SWIFT_VERSION = 4.0;
				TARGETED_DEVICE_FAMILY = "1,2";
			};
			name = Release;
		};
/* End XCBuildConfiguration section */

/* Begin XCConfigurationList section */
		5FDB9CAF22EC5B6300F9BA6C /* Build configuration list for PBXProject "Assignment_4" */ = {
			isa = XCConfigurationList;
			buildConfigurations = (
				5FDB9CC422EC5B6400F9BA6C /* Debug */,
				5FDB9CC522EC5B6400F9BA6C /* Release */,
			);
			defaultConfigurationIsVisible = 0;
			defaultConfigurationName = Release;
		};
		5FDB9CC622EC5B6400F9BA6C /* Build configuration list for PBXNativeTarget "Assignment_4" */ = {
			isa = XCConfigurationList;
			buildConfigurations = (
				5FDB9CC722EC5B6400F9BA6C /* Debug */,
				5FDB9CC822EC5B6400F9BA6C /* Release */,
			);
			defaultConfigurationIsVisible = 0;
			defaultConfigurationName = Release;
		};
/* End XCConfigurationList section */
	};
	rootObject = 5FDB9CAC22EC5B6300F9BA6C /* Project object */;
}
